
Microsoft Visual Studio Solution File, Format Version 12.00
# Visual Studio 15
VisualStudioVersion = 15.0.27428.2002
MinimumVisualStudioVersion = 10.0.40219.1
Project("{FAE04EC0-301F-11D3-BF4B-00C04F79EFBC}") = "blog", "blog\blog.csproj", "{2E0A59EA-3A10-4192-BD9F-B126F097CE94}"
EndProject
Project("{FAE04EC0-301F-11D3-BF4B-00C04F79EFBC}") = "blogData", "blogData\blogData.csproj", "{04B08318-DFDA-4685-96CC-72B3BCBB919B}"
EndProject
Project("{FAE04EC0-301F-11D3-BF4B-00C04F79EFBC}") = "blogBl", "blogBl\blogBl.csproj", "{A339F30F-13DA-47A3-A574-88881EF09B0F}"
EndProject
Project("{2150E333-8FDC-42A3-9474-1A3956D46DE8}") = "tests", "tests", "{E7EFF235-AA7D-4355-80F5-4E51F1DBB32A}"
EndProject
Project("{FAE04EC0-301F-11D3-BF4B-00C04F79EFBC}") = "blogTests", "blogTests\blogTests.csproj", "{8EF29793-3078-46BD-BBC8-4C80CB630E09}"
EndProject
Global
	GlobalSection(SolutionConfigurationPlatforms) = preSolution
		Debug|Any CPU = Debug|Any CPU
		Release|Any CPU = Release|Any CPU
	EndGlobalSection
	GlobalSection(ProjectConfigurationPlatforms) = postSolution
		{2E0A59EA-3A10-4192-BD9F-B126F097CE94}.Debug|Any CPU.ActiveCfg = Debug|Any CPU
		{2E0A59EA-3A10-4192-BD9F-B126F097CE94}.Debug|Any CPU.Build.0 = Debug|Any CPU
		{2E0A59EA-3A10-4192-BD9F-B126F097CE94}.Release|Any CPU.ActiveCfg = Release|Any CPU
		{2E0A59EA-3A10-4192-BD9F-B126F097CE94}.Release|Any CPU.Build.0 = Release|Any CPU
		{04B08318-DFDA-4685-96CC-72B3BCBB919B}.Debug|Any CPU.ActiveCfg = Debug|Any CPU
		{04B08318-DFDA-4685-96CC-72B3BCBB919B}.Debug|Any CPU.Build.0 = Debug|Any CPU
		{04B08318-DFDA-4685-96CC-72B3BCBB919B}.Release|Any CPU.ActiveCfg = Release|Any CPU
		{04B08318-DFDA-4685-96CC-72B3BCBB919B}.Release|Any CPU.Build.0 = Release|Any CPU
		{A339F30F-13DA-47A3-A574-88881EF09B0F}.Debug|Any CPU.ActiveCfg = Debug|Any CPU
		{A339F30F-13DA-47A3-A574-88881EF09B0F}.Debug|Any CPU.Build.0 = Debug|Any CPU
		{A339F30F-13DA-47A3-A574-88881EF09B0F}.Release|Any CPU.ActiveCfg = Release|Any CPU
		{A339F30F-13DA-47A3-A574-88881EF09B0F}.Release|Any CPU.Build.0 = Release|Any CPU
		{8EF29793-3078-46BD-BBC8-4C80CB630E09}.Debug|Any CPU.ActiveCfg = Debug|Any CPU
		{8EF29793-3078-46BD-BBC8-4C80CB630E09}.Debug|Any CPU.Build.0 = Debug|Any CPU
		{8EF29793-3078-46BD-BBC8-4C80CB630E09}.Release|Any CPU.ActiveCfg = Release|Any CPU
		{8EF29793-3078-46BD-BBC8-4C80CB630E09}.Release|Any CPU.Build.0 = Release|Any CPU
	EndGlobalSection
	GlobalSection(SolutionProperties) = preSolution
		HideSolutionNode = FALSE
	EndGlobalSection
	GlobalSection(NestedProjects) = preSolution
		{8EF29793-3078-46BD-BBC8-4C80CB630E09} = {E7EFF235-AA7D-4355-80F5-4E51F1DBB32A}
	EndGlobalSection
	GlobalSection(ExtensibilityGlobals) = postSolution
		SolutionGuid = {1A3D3377-56F2-41F8-9E62-1216E51B9170}
	EndGlobalSection
EndGlobal
